
Microsoft Visual Studio Solution File, Format Version 12.00
Project("{FAE04EC0-301F-11D3-BF4B-00C04F79EFBC}") = "MathLibrary", "MathLibrary\MathLibrary.csproj", "{B732A152-CC30-4CA1-ACD4-0F7A8A999322}"
EndProject
Project("{FAE04EC0-301F-11D3-BF4B-00C04F79EFBC}") = "TestProject1", "TestProject1\TestProject1.csproj", "{DF87E287-399A-43DB-B024-5C925560A51C}"
EndProject
Global
	GlobalSection(SolutionConfigurationPlatforms) = preSolution
		Debug|Any CPU = Debug|Any CPU
		Release|Any CPU = Release|Any CPU
	EndGlobalSection
	GlobalSection(ProjectConfigurationPlatforms) = postSolution
		{B732A152-CC30-4CA1-ACD4-0F7A8A999322}.Debug|Any CPU.ActiveCfg = Debug|Any CPU
		{B732A152-CC30-4CA1-ACD4-0F7A8A999322}.Debug|Any CPU.Build.0 = Debug|Any CPU
		{B732A152-CC30-4CA1-ACD4-0F7A8A999322}.Release|Any CPU.ActiveCfg = Release|Any CPU
		{B732A152-CC30-4CA1-ACD4-0F7A8A999322}.Release|Any CPU.Build.0 = Release|Any CPU
		{DF87E287-399A-43DB-B024-5C925560A51C}.Debug|Any CPU.ActiveCfg = Debug|Any CPU
		{DF87E287-399A-43DB-B024-5C925560A51C}.Debug|Any CPU.Build.0 = Debug|Any CPU
		{DF87E287-399A-43DB-B024-5C925560A51C}.Release|Any CPU.ActiveCfg = Release|Any CPU
		{DF87E287-399A-43DB-B024-5C925560A51C}.Release|Any CPU.Build.0 = Release|Any CPU
	EndGlobalSection
EndGlobal
